
Microsoft Visual Studio Solution File, Format Version 12.00
# Visual Studio Version 17
VisualStudioVersion = 17.4.33110.190
MinimumVisualStudioVersion = 10.0.40219.1
Project("{FAE04EC0-301F-11D3-BF4B-00C04F79EFBC}") = "demo", "demo\demo.csproj", "{DB820A86-5A28-442E-B5F4-D9399AC6FCBF}"
EndProject
Global
	GlobalSection(SolutionConfigurationPlatforms) = preSolution
		Debug|Any CPU = Debug|Any CPU
		Release|Any CPU = Release|Any CPU
	EndGlobalSection
	GlobalSection(ProjectConfigurationPlatforms) = postSolution
		{DB820A86-5A28-442E-B5F4-D9399AC6FCBF}.Debug|Any CPU.ActiveCfg = Debug|Any CPU
		{DB820A86-5A28-442E-B5F4-D9399AC6FCBF}.Debug|Any CPU.Build.0 = Debug|Any CPU
		{DB820A86-5A28-442E-B5F4-D9399AC6FCBF}.Release|Any CPU.ActiveCfg = Release|Any CPU
		{DB820A86-5A28-442E-B5F4-D9399AC6FCBF}.Release|Any CPU.Build.0 = Release|Any CPU
	EndGlobalSection
	GlobalSection(SolutionProperties) = preSolution
		HideSolutionNode = FALSE
	EndGlobalSection
	GlobalSection(ExtensibilityGlobals) = postSolution
		SolutionGuid = {147C5D91-1CC7-4DCF-BE20-74824FC1E644}
	EndGlobalSection
EndGlobal
